
Microsoft Visual Studio Solution File, Format Version 12.00
# Visual Studio Version 17
VisualStudioVersion = 17.2.32616.157
MinimumVisualStudioVersion = 10.0.40219.1
Project("{9A19103F-16F7-4668-BE54-9A1E7A4F7556}") = "AssemblyStream.Loader", "AssemblyStream.Loader\AssemblyStream.Loader.csproj", "{00502A32-9D85-43E5-8BE3-5916C993BF5D}"
EndProject
Project("{FAE04EC0-301F-11D3-BF4B-00C04F79EFBC}") = "AssemblyStream.ToLoad", "AssemblyStream.ToLoad\AssemblyStream.ToLoad.csproj", "{107FEDE2-B705-4B15-997D-0C3ADB49F9F4}"
EndProject
Global
	GlobalSection(SolutionConfigurationPlatforms) = preSolution
		Debug|Any CPU = Debug|Any CPU
		Release|Any CPU = Release|Any CPU
	EndGlobalSection
	GlobalSection(ProjectConfigurationPlatforms) = postSolution
		{00502A32-9D85-43E5-8BE3-5916C993BF5D}.Debug|Any CPU.ActiveCfg = Debug|Any CPU
		{00502A32-9D85-43E5-8BE3-5916C993BF5D}.Debug|Any CPU.Build.0 = Debug|Any CPU
		{00502A32-9D85-43E5-8BE3-5916C993BF5D}.Release|Any CPU.ActiveCfg = Release|Any CPU
		{00502A32-9D85-43E5-8BE3-5916C993BF5D}.Release|Any CPU.Build.0 = Release|Any CPU
		{107FEDE2-B705-4B15-997D-0C3ADB49F9F4}.Debug|Any CPU.ActiveCfg = Debug|Any CPU
		{107FEDE2-B705-4B15-997D-0C3ADB49F9F4}.Debug|Any CPU.Build.0 = Debug|Any CPU
		{107FEDE2-B705-4B15-997D-0C3ADB49F9F4}.Release|Any CPU.ActiveCfg = Release|Any CPU
		{107FEDE2-B705-4B15-997D-0C3ADB49F9F4}.Release|Any CPU.Build.0 = Release|Any CPU
	EndGlobalSection
	GlobalSection(SolutionProperties) = preSolution
		HideSolutionNode = FALSE
	EndGlobalSection
	GlobalSection(ExtensibilityGlobals) = postSolution
		SolutionGuid = {32748C22-F1CA-4972-8A11-683B20733FBA}
	EndGlobalSection
EndGlobal
